// !$*UTF8*$!
{
	archiveVersion = 1;
	classes = {
	};
	objectVersion = 46;
	objects = {

/* Begin PBXBuildFile section */
		A6D7ABB21CF95E37002BCCF3 /* main.swift in Sources */ = {isa = PBXBuildFile; fileRef = A6D7ABB11CF95E37002BCCF3 /* main.swift */; };
		A6D7ABB91CF95EBE002BCCF3 /* Person.swift in Sources */ = {isa = PBXBuildFile; fileRef = A6D7ABB81CF95EBE002BCCF3 /* Person.swift */; };
/* End PBXBuildFile section */

/* Begin PBXCopyFilesBuildPhase section */
		A6D7ABAC1CF95E37002BCCF3 /* CopyFiles */ = {
			isa = PBXCopyFilesBuildPhase;
			buildActionMask = 2147483647;
			dstPath = /usr/share/man/man1/;
			dstSubfolderSpec = 0;
			files = (
			);
			runOnlyForDeploymentPostprocessing = 1;
		};
/* End PBXCopyFilesBuildPhase section */

/* Begin PBXFileReference section */
		A6D7ABAE1CF95E37002BCCF3 /* PeopleDatabaseSwiftClasses */ = {isa = PBXFileReference; explicitFileType = "compiled.mach-o.executable"; includeInIndex = 0; path = PeopleDatabaseSwiftClasses; sourceTree = BUILT_PRODUCTS_DIR; };
		A6D7ABB11CF95E37002BCCF3 /* main.swift */ = {isa = PBXFileReference; lastKnownFileType = sourcecode.swift; path = main.swift; sourceTree = "<group>"; };
		A6D7ABB81CF95EBE002BCCF3 /* Person.swift */ = {isa = PBXFileReference; fileEncoding = 4; lastKnownFileType = sourcecode.swift; path = Person.swift; sourceTree = "<group>"; };
/* End PBXFileReference section */

/* Begin PBXFrameworksBuildPhase section */
		A6D7ABAB1CF95E37002BCCF3 /* Frameworks */ = {
			isa = PBXFrameworksBuildPhase;
			buildActionMask = 2147483647;
			files = (
			);
			runOnlyForDeploymentPostprocessing = 0;
		};
/* End PBXFrameworksBuildPhase section */

/* Begin PBXGroup section */
		A6D7ABA51CF95E37002BCCF3 = {
			isa = PBXGroup;
			children = (
				A6D7ABB01CF95E37002BCCF3 /* PeopleDatabaseSwiftClasses */,
				A6D7ABAF1CF95E37002BCCF3 /* Products */,
			);
			sourceTree = "<group>";
		};
		A6D7ABAF1CF95E37002BCCF3 /* Products */ = {
			isa = PBXGroup;
			children = (
				A6D7ABAE1CF95E37002BCCF3 /* PeopleDatabaseSwiftClasses */,
			);
			name = Products;
			sourceTree = "<group>";
		};
		A6D7ABB01CF95E37002BCCF3 /* PeopleDatabaseSwiftClasses */ = {
			isa = PBXGroup;
			children = (
				A6D7ABB11CF95E37002BCCF3 /* main.swift */,
				A6D7ABB81CF95EBE002BCCF3 /* Person.swift */,
			);
			path = PeopleDatabaseSwiftClasses;
			sourceTree = "<group>";
		};
/* End PBXGroup section */

/* Begin PBXNativeTarget section */
		A6D7ABAD1CF95E37002BCCF3 /* PeopleDatabaseSwiftClasses */ = {
			isa = PBXNativeTarget;
			buildConfigurationList = A6D7ABB51CF95E37002BCCF3 /* Build configuration list for PBXNativeTarget "PeopleDatabaseSwiftClasses" */;
			buildPhases = (
				A6D7ABAA1CF95E37002BCCF3 /* Sources */,
				A6D7ABAB1CF95E37002BCCF3 /* Frameworks */,
				A6D7ABAC1CF95E37002BCCF3 /* CopyFiles */,
			);
			buildRules = (
			);
			dependencies = (
			);
			name = PeopleDatabaseSwiftClasses;
			productName = PeopleDatabaseSwiftClasses;
			productReference = A6D7ABAE1CF95E37002BCCF3 /* PeopleDatabaseSwiftClasses */;
			productType = "com.apple.product-type.tool";
		};
/* End PBXNativeTarget section */

/* Begin PBXProject section */
		A6D7ABA61CF95E37002BCCF3 /* Project object */ = {
			isa = PBXProject;
			attributes = {
				LastSwiftUpdateCheck = 0730;
				LastUpgradeCheck = 0730;
				TargetAttributes = {
					A6D7ABAD1CF95E37002BCCF3 = {
						CreatedOnToolsVersion = 7.3.1;
					};
				};
			};
			buildConfigurationList = A6D7ABA91CF95E37002BCCF3 /* Build configuration list for PBXProject "PeopleDatabaseSwiftClasses" */;
			compatibilityVersion = "Xcode 3.2";
			developmentRegion = English;
			hasScannedForEncodings = 0;
			knownRegions = (
				en,
			);
			mainGroup = A6D7ABA51CF95E37002BCCF3;
			productRefGroup = A6D7ABAF1CF95E37002BCCF3 /* Products */;
			projectDirPath = "";
			projectRoot = "";
			targets = (
				A6D7ABAD1CF95E37002BCCF3 /* PeopleDatabaseSwiftClasses */,
			);
		};
/* End PBXProject section */

/* Begin PBXSourcesBuildPhase section */
		A6D7ABAA1CF95E37002BCCF3 /* Sources */ = {
			isa = PBXSourcesBuildPhase;
			buildActionMask = 2147483647;
			files = (
				A6D7ABB91CF95EBE002BCCF3 /* Person.swift in Sources */,
				A6D7ABB21CF95E37002BCCF3 /* main.swift in Sources */,
			);
			runOnlyForDeploymentPostprocessing = 0;
		};
/* End PBXSourcesBuildPhase section */

/* Begin XCBuildConfiguration section */
		A6D7ABB31CF95E37002BCCF3 /* Debug */ = {
			isa = XCBuildConfiguration;
			buildSettings = {
				ALWAYS_SEARCH_USER_PATHS = NO;
				CLANG_ANALYZER_NONNULL = YES;
				CLANG_CXX_LANGUAGE_STANDARD = "gnu++0x";
				CLANG_CXX_LIBRARY = "libc++";
				CLANG_ENABLE_MODULES = YES;
				CLANG_ENABLE_OBJC_ARC = YES;
				CLANG_WARN_BOOL_CONVERSION = YES;
				CLANG_WARN_CONSTANT_CONVERSION = YES;
				CLANG_WARN_DIRECT_OBJC_ISA_USAGE = YES_ERROR;
				CLANG_WARN_EMPTY_BODY = YES;
				CLANG_WARN_ENUM_CONVERSION = YES;
				CLANG_WARN_INT_CONVERSION = YES;
				CLANG_WARN_OBJC_ROOT_CLASS = YES_ERROR;
				CLANG_WARN_UNREACHABLE_CODE = YES;
				CLANG_WARN__DUPLICATE_METHOD_MATCH = YES;
				CODE_SIGN_IDENTITY = "-";
				COPY_PHASE_STRIP = NO;
				DEBUG_INFORMATION_FORMAT = dwarf;
				ENABLE_STRICT_OBJC_MSGSEND = YES;
				ENABLE_TESTABILITY = YES;
				GCC_C_LANGUAGE_STANDARD = gnu99;
				GCC_DYNAMIC_NO_PIC = NO;
				GCC_NO_COMMON_BLOCKS = YES;
				GCC_OPTIMIZATION_LEVEL = 0;
				GCC_PREPROCESSOR_DEFINITIONS = (
					"DEBUG=1",
					"$(inherited)",
				);
				GCC_WARN_64_TO_32_BIT_CONVERSION = YES;
				GCC_WARN_ABOUT_RETURN_TYPE = YES_ERROR;
				GCC_WARN_UNDECLARED_SELECTOR = YES;
				GCC_WARN_UNINITIALIZED_AUTOS = YES_AGGRESSIVE;
				GCC_WARN_UNUSED_FUNCTION = YES;
				GCC_WARN_UNUSED_VARIABLE = YES;
				MACOSX_DEPLOYMENT_TARGET = 10.11;
				MTL_ENABLE_DEBUG_INFO = YES;
				ONLY_ACTIVE_ARCH = YES;
				SDKROOT = macosx;
				SWIFT_OPTIMIZATION_LEVEL = "-Onone";
			};
			name = Debug;
		};
		A6D7ABB41CF95E37002BCCF3 /* Release */ = {
			isa = XCBuildConfiguration;
			buildSettings = {
				ALWAYS_SEARCH_USER_PATHS = NO;
				CLANG_ANALYZER_NONNULL = YES;
				CLANG_CXX_LANGUAGE_STANDARD = "gnu++0x";
				CLANG_CXX_LIBRARY = "libc++";
				CLANG_ENABLE_MODULES = YES;
				CLANG_ENABLE_OBJC_ARC = YES;
				CLANG_WARN_BOOL_CONVERSION = YES;
				CLANG_WARN_CONSTANT_CONVERSION = YES;
				CLANG_WARN_DIRECT_OBJC_ISA_USAGE = YES_ERROR;
				CLANG_WARN_EMPTY_BODY = YES;
				CLANG_WARN_ENUM_CONVERSION = YES;
				CLANG_WARN_INT_CONVERSION = YES;
				CLANG_WARN_OBJC_ROOT_CLASS = YES_ERROR;
				CLANG_WARN_UNREACHABLE_CODE = YES;
				CLANG_WARN__DUPLICATE_METHOD_MATCH = YES;
				CODE_SIGN_IDENTITY = "-";
				COPY_PHASE_STRIP = NO;
				DEBUG_INFORMATION_FORMAT = "dwarf-with-dsym";
				ENABLE_NS_ASSERTIONS = NO;
				ENABLE_STRICT_OBJC_MSGSEND = YES;
				GCC_C_LANGUAGE_STANDARD = gnu99;
				GCC_NO_COMMON_BLOCKS = YES;
				GCC_WARN_64_TO_32_BIT_CONVERSION = YES;
				GCC_WARN_ABOUT_RETURN_TYPE = YES_ERROR;
				GCC_WARN_UNDECLARED_SELECTOR = YES;
				GCC_WARN_UNINITIALIZED_AUTOS = YES_AGGRESSIVE;
				GCC_WARN_UNUSED_FUNCTION = YES;
				GCC_WARN_UNUSED_VARIABLE = YES;
				MACOSX_DEPLOYMENT_TARGET = 10.11;
				MTL_ENABLE_DEBUG_INFO = NO;
				SDKROOT = macosx;
			};
			name = Release;
		};
		A6D7ABB61CF95E37002BCCF3 /* Debug */ = {
			isa = XCBuildConfiguration;
			buildSettings = {
				PRODUCT_NAME = "$(TARGET_NAME)";
			};
			name = Debug;
		};
		A6D7ABB71CF95E37002BCCF3 /* Release */ = {
			isa = XCBuildConfiguration;
			buildSettings = {
				PRODUCT_NAME = "$(TARGET_NAME)";
			};
			name = Release;
		};
/* End XCBuildConfiguration section */

/* Begin XCConfigurationList section */
		A6D7ABA91CF95E37002BCCF3 /* Build configuration list for PBXProject "PeopleDatabaseSwiftClasses" */ = {
			isa = XCConfigurationList;
			buildConfigurations = (
				A6D7ABB31CF95E37002BCCF3 /* Debug */,
				A6D7ABB41CF95E37002BCCF3 /* Release */,
			);
			defaultConfigurationIsVisible = 0;
			defaultConfigurationName = Release;
		};
		A6D7ABB51CF95E37002BCCF3 /* Build configuration list for PBXNativeTarget "PeopleDatabaseSwiftClasses" */ = {
			isa = XCConfigurationList;
			buildConfigurations = (
				A6D7ABB61CF95E37002BCCF3 /* Debug */,
				A6D7ABB71CF95E37002BCCF3 /* Release */,
			);
			defaultConfigurationIsVisible = 0;
		};
/* End XCConfigurationList section */
	};
	rootObject = A6D7ABA61CF95E37002BCCF3 /* Project object */;
}
